<?xml version="1.0" encoding="utf-8"?>
<Project ToolsVersion="4.0" xmlns="http://schemas.microsoft.com/developer/msbuild/2003">
  <ItemGroup>
    <Filter Include="Source Files">
      <UniqueIdentifier>{4FC737F1-C7A5-4376-A066-2A32D752A2FF}</UniqueIdentifier>
      <Extensions>cpp;c;cc;cxx;def;odl;idl;hpj;bat;asm;asmx</Extensions>
    </Filter>
    <Filter Include="Header Files">
      <UniqueIdentifier>{93995380-89BD-4b04-88EB-625FBE52EBFB}</UniqueIdentifier>
      <Extensions>h;hh;hpp;hxx;hm;inl;inc;ipp;xsd</Extensions>
    </Filter>
    <Filter Include="Resource Files">
      <UniqueIdentifier>{67DA6AB6-F800-4c08-8B7A-83BB121AAD01}</UniqueIdentifier>
      <Extensions>rc;ico;cur;bmp;dlg;rc2;rct;bin;rgs;gif;jpg;jpeg;jpe;resx;tiff;tif;png;wav;mfcribbon-ms</Extensions>
    </Filter>
    <Filter Include="Source Files\vendor">
      <UniqueIdentifier>{75562b69-52fd-4b4a-9df9-77a2c19f65e3}</UniqueIdentifier>
    </Filter>
    <Filter Include="Source Files\vendor\stb_image">
      <UniqueIdentifier>{662629c7-97b9-4c46-ae09-0742e7608f2b}</UniqueIdentifier>
    </Filter>
    <Filter Include="GLPIFramework">
      <UniqueIdentifier>{d75ece11-8174-4712-a42f-4a6f44e4afe9}</UniqueIdentifier>
    </Filter>
    <Filter Include="GLPIFramework\WaveFrontOBJ">
      <UniqueIdentifier>{c7f03af6-9677-4693-b084-781e00325f0d}</UniqueIdentifier>
    </Filter>
    <Filter Include="GLPIFramework\Geometry">
      <UniqueIdentifier>{1b97b1de-b79c-44b7-82a5-2628464bb278}</UniqueIdentifier>
    </Filter>
    <Filter Include="Source Files\Scene">
      <UniqueIdentifier>{fb05fbbf-7df9-4af0-a6be-750deeefd962}</UniqueIdentifier>
    </Filter>
    <Filter Include="Shader">
      <UniqueIdentifier>{5fe20c7c-8581-4975-823d-bee677d06c58}</UniqueIdentifier>
    </Filter>
    <Filter Include="GLPIFramework\GLBuffers">
      <UniqueIdentifier>{9bf1599f-7d3a-48a2-9a3c-34df4aaad80a}</UniqueIdentifier>
    </Filter>
    <Filter Include="Source Files\includes">
      <UniqueIdentifier>{6fdd2b33-30f8-4abc-8a10-93cab99e6f8b}</UniqueIdentifier>
    </Filter>
  </ItemGroup>
  <ItemGroup>
    <ClCompile Include="stb_image.cpp">
      <Filter>Source Files\vendor\stb_image</Filter>
    </ClCompile>
    <ClCompile Include="..\GLPIFramework\Cache.cpp">
      <Filter>GLPIFramework</Filter>
    </ClCompile>
    <ClCompile Include="..\GLPIFramework\GLutils.cpp">
      <Filter>GLPIFramework</Filter>
    </ClCompile>
    <ClCompile Include="..\GLPIFramework\Light.cpp">
      <Filter>GLPIFramework</Filter>
    </ClCompile>
    <ClCompile Include="..\GLPIFramework\Material.cpp">
      <Filter>GLPIFramework</Filter>
    </ClCompile>
    <ClCompile Include="..\GLPIFramework\Model.cpp">
      <Filter>GLPIFramework</Filter>
    </ClCompile>
    <ClCompile Include="..\GLPIFramework\ProgramManager.cpp">
      <Filter>GLPIFramework</Filter>
    </ClCompile>
    <ClCompile Include="..\GLPIFramework\ShaderManager.cpp">
      <Filter>GLPIFramework</Filter>
    </ClCompile>
    <ClCompile Include="..\GLPIFramework\Transform.cpp">
      <Filter>GLPIFramework</Filter>
    </ClCompile>
    <ClCompile Include="..\GLPIFramework\WaveFrontOBJ\WaveFrontOBJ.cpp">
      <Filter>GLPIFramework\WaveFrontOBJ</Filter>
    </ClCompile>
    <ClCompile Include="..\GLPIFramework\Geometry\Ray.cpp">
      <Filter>GLPIFramework\Geometry</Filter>
    </ClCompile>
    <ClCompile Include="OpenGLESLearn.cpp">
      <Filter>Source Files</Filter>
    </ClCompile>
    <ClCompile Include="Scene\Renderer.cpp">
      <Filter>Source Files\Scene</Filter>
    </ClCompile>
    <ClCompile Include="Scene\Triangle.cpp">
      <Filter>Source Files\Scene</Filter>
    </ClCompile>
    <ClCompile Include="..\GLPIFramework\GLBuffers\IndexBuffer.cpp">
      <Filter>GLPIFramework\GLBuffers</Filter>
    </ClCompile>
    <ClCompile Include="..\GLPIFramework\GLBuffers\Texture.cpp">
      <Filter>GLPIFramework\GLBuffers</Filter>
    </ClCompile>
    <ClCompile Include="..\GLPIFramework\GLBuffers\VertexArray.cpp">
      <Filter>GLPIFramework\GLBuffers</Filter>
    </ClCompile>
    <ClCompile Include="..\GLPIFramework\GLBuffers\VertexBuffer.cpp">
      <Filter>GLPIFramework\GLBuffers</Filter>
    </ClCompile>
    <ClCompile Include="Cube.cpp">
      <Filter>Source Files\Scene</Filter>
    </ClCompile>
    <ClCompile Include="FrameBufferMsaa.cpp">
      <Filter>Source Files</Filter>
    </ClCompile>
    <ClCompile Include="Scene\Ellipse.cpp">
      <Filter>Source Files\Scene</Filter>
    </ClCompile>
    <ClCompile Include="Scene\Line.cpp">
      <Filter>Source Files\Scene</Filter>
    </ClCompile>
    <ClCompile Include="Scene\curve4_div.h">
      <Filter>Source Files\Scene</Filter>
    </ClCompile>
    <ClCompile Include="Scene\agg_curves.cpp">
      <Filter>Source Files\Scene</Filter>
    </ClCompile>
    <ClCompile Include="Scene\agg_sqrt_tables.cpp">
      <Filter>Source Files\Scene</Filter>
    </ClCompile>
    <ClCompile Include="Scene\Bezier.cpp">
      <Filter>Source Files\Scene</Filter>
    </ClCompile>
  </ItemGroup>
  <ItemGroup>
    <None Include="Shader\BlueTriangleFragment.glsl">
      <Filter>Shader</Filter>
    </None>
    <None Include="Shader\BlueTriangleVertex.glsl">
      <Filter>Shader</Filter>
    </None>
    <None Include="Shader\CubeVertex.glsl">
      <Filter>Shader</Filter>
    </None>
    <None Include="Shader\CubeFragment.glsl">
      <Filter>Shader</Filter>
    </None>
    <None Include="Shader\SmoothLineFragment.glsl" />
    <None Include="Shader\SmoothLineVertex.glsl" />
    <None Include="Shader\EllipseFragment.glsl">
      <Filter>Shader</Filter>
    </None>
    <None Include="Shader\EllipseVertex.glsl">
      <Filter>Shader</Filter>
    </None>
    <None Include="Shader\LineFragment.glsl">
      <Filter>Shader</Filter>
    </None>
    <None Include="Shader\LineVertex.glsl">
      <Filter>Shader</Filter>
    </None>
    <None Include="Shader\BezierFragment.glsl">
      <Filter>Shader</Filter>
    </None>
    <None Include="Shader\BezierVertex.glsl">
      <Filter>Shader</Filter>
    </None>
  </ItemGroup>
  <ItemGroup>
    <ClInclude Include="stb_image.h">
      <Filter>Source Files\vendor\stb_image</Filter>
    </ClInclude>
    <ClInclude Include="resource.h">
      <Filter>Header Files</Filter>
    </ClInclude>
    <ClInclude Include="..\GLPIFramework\Cache.h">
      <Filter>GLPIFramework</Filter>
    </ClInclude>
    <ClInclude Include="..\GLPIFramework\Constant.h">
      <Filter>GLPIFramework</Filter>
    </ClInclude>
    <ClInclude Include="..\GLPIFramework\GLutils.h">
      <Filter>GLPIFramework</Filter>
    </ClInclude>
    <ClInclude Include="..\GLPIFramework\Light.h">
      <Filter>GLPIFramework</Filter>
    </ClInclude>
    <ClInclude Include="..\GLPIFramework\Material.h">
      <Filter>GLPIFramework</Filter>
    </ClInclude>
    <ClInclude Include="..\GLPIFramework\Model.h">
      <Filter>GLPIFramework</Filter>
    </ClInclude>
    <ClInclude Include="..\GLPIFramework\ProgramManager.h">
      <Filter>GLPIFramework</Filter>
    </ClInclude>
    <ClInclude Include="..\GLPIFramework\ShaderManager.h">
      <Filter>GLPIFramework</Filter>
    </ClInclude>
    <ClInclude Include="..\GLPIFramework\Transform.h">
      <Filter>GLPIFramework</Filter>
    </ClInclude>
    <ClInclude Include="..\GLPIFramework\WaveFrontOBJ\WaveFrontOBJ.h">
      <Filter>GLPIFramework\WaveFrontOBJ</Filter>
    </ClInclude>
    <ClInclude Include="..\GLPIFramework\Geometry\Ray.h">
      <Filter>GLPIFramework\Geometry</Filter>
    </ClInclude>
    <ClInclude Include="Scene\Renderer.h">
      <Filter>Source Files\Scene</Filter>
    </ClInclude>
    <ClInclude Include="Scene\Triangle.h">
      <Filter>Source Files\Scene</Filter>
    </ClInclude>
    <ClInclude Include="..\GLPIFramework\GLBuffers\IndexBuffer.h">
      <Filter>GLPIFramework\GLBuffers</Filter>
    </ClInclude>
    <ClInclude Include="..\GLPIFramework\GLBuffers\Texture.h">
      <Filter>GLPIFramework\GLBuffers</Filter>
    </ClInclude>
    <ClInclude Include="..\GLPIFramework\GLBuffers\VertexArray.h">
      <Filter>GLPIFramework\GLBuffers</Filter>
    </ClInclude>
    <ClInclude Include="..\GLPIFramework\GLBuffers\VertexBuffer.h">
      <Filter>GLPIFramework\GLBuffers</Filter>
    </ClInclude>
    <ClInclude Include="..\GLPIFramework\GLBuffers\VertexBufferLayout.h">
      <Filter>GLPIFramework\GLBuffers</Filter>
    </ClInclude>
    <ClInclude Include="Cube.h">
      <Filter>Source Files\Scene</Filter>
    </ClInclude>
    <ClInclude Include="learnopengl\camera.h">
      <Filter>Source Files\includes</Filter>
    </ClInclude>
    <ClInclude Include="learnopengl\filesystem.h">
      <Filter>Source Files\includes</Filter>
    </ClInclude>
    <ClInclude Include="learnopengl\mesh.h">
      <Filter>Source Files\includes</Filter>
    </ClInclude>
    <ClInclude Include="learnopengl\model.h">
      <Filter>Source Files\includes</Filter>
    </ClInclude>
    <ClInclude Include="learnopengl\shader.h">
      <Filter>Source Files\includes</Filter>
    </ClInclude>
    <ClInclude Include="learnopengl\shader_m.h">
      <Filter>Source Files\includes</Filter>
    </ClInclude>
    <ClInclude Include="learnopengl\shader_s.h">
      <Filter>Source Files\includes</Filter>
    </ClInclude>
    <ClInclude Include="Scene\Ellipse.h">
      <Filter>Source Files\Scene</Filter>
    </ClInclude>
    <ClInclude Include="Scene\Line.h">
      <Filter>Source Files\Scene</Filter>
    </ClInclude>
    <ClInclude Include="Scene\agg_curves.h">
      <Filter>Source Files\Scene</Filter>
    </ClInclude>
    <ClInclude Include="Scene\agg_math.h">
      <Filter>Source Files\Scene</Filter>
    </ClInclude>
    <ClInclude Include="Scene\agg_array.h">
      <Filter>Source Files\Scene</Filter>
    </ClInclude>
    <ClInclude Include="Scene\agg_config.h">
      <Filter>Source Files\Scene</Filter>
    </ClInclude>
    <ClInclude Include="Scene\agg_basics.h">
      <Filter>Source Files\Scene</Filter>
    </ClInclude>
    <ClInclude Include="Scene\Bezier.h">
      <Filter>Source Files\Scene</Filter>
    </ClInclude>
  </ItemGroup>
  <ItemGroup>
    <ResourceCompile Include="OpenGL.rc">
      <Filter>Resource Files</Filter>
    </ResourceCompile>
  </ItemGroup>
</Project>